
Microsoft Visual Studio Solution File, Format Version 12.00
# Visual Studio Version 17
VisualStudioVersion = 17.6.33815.320
MinimumVisualStudioVersion = 10.0.40219.1
Project("{FAE04EC0-301F-11D3-BF4B-00C04F79EFBC}") = "WenAppPracticeSec_4", "WenAppPracticeSec_4\WenAppPracticeSec_4.csproj", "{C9C76BAB-F28C-416C-AA37-4552AC2A40AB}"
EndProject
Global
	GlobalSection(SolutionConfigurationPlatforms) = preSolution
		Debug|Any CPU = Debug|Any CPU
		Release|Any CPU = Release|Any CPU
	EndGlobalSection
	GlobalSection(ProjectConfigurationPlatforms) = postSolution
		{C9C76BAB-F28C-416C-AA37-4552AC2A40AB}.Debug|Any CPU.ActiveCfg = Debug|Any CPU
		{C9C76BAB-F28C-416C-AA37-4552AC2A40AB}.Debug|Any CPU.Build.0 = Debug|Any CPU
		{C9C76BAB-F28C-416C-AA37-4552AC2A40AB}.Release|Any CPU.ActiveCfg = Release|Any CPU
		{C9C76BAB-F28C-416C-AA37-4552AC2A40AB}.Release|Any CPU.Build.0 = Release|Any CPU
	EndGlobalSection
	GlobalSection(SolutionProperties) = preSolution
		HideSolutionNode = FALSE
	EndGlobalSection
	GlobalSection(ExtensibilityGlobals) = postSolution
		SolutionGuid = {AD42214A-3EC8-4F0F-AF67-C3D5852C7F53}
	EndGlobalSection
EndGlobal
